
Microsoft Visual Studio Solution File, Format Version 12.00
Project("{FAE04EC0-301F-11D3-BF4B-00C04F79EFBC}") = "Core", "Core\Core.csproj", "{99D08DF1-A328-421D-AF40-D179E9993D96}"
EndProject
Project("{FAE04EC0-301F-11D3-BF4B-00C04F79EFBC}") = "Tests", "Tests\Tests.csproj", "{9002E271-28BD-4A67-B79B-EBBEE348E09A}"
EndProject
Global
	GlobalSection(SolutionConfigurationPlatforms) = preSolution
		Debug|Any CPU = Debug|Any CPU
		Release|Any CPU = Release|Any CPU
	EndGlobalSection
	GlobalSection(ProjectConfigurationPlatforms) = postSolution
		{99D08DF1-A328-421D-AF40-D179E9993D96}.Debug|Any CPU.ActiveCfg = Debug|Any CPU
		{99D08DF1-A328-421D-AF40-D179E9993D96}.Debug|Any CPU.Build.0 = Debug|Any CPU
		{9002E271-28BD-4A67-B79B-EBBEE348E09A}.Debug|Any CPU.ActiveCfg = Debug|Any CPU
		{9002E271-28BD-4A67-B79B-EBBEE348E09A}.Debug|Any CPU.Build.0 = Debug|Any CPU
		{9002E271-28BD-4A67-B79B-EBBEE348E09A}.Release|Any CPU.ActiveCfg = Release|Any CPU
		{9002E271-28BD-4A67-B79B-EBBEE348E09A}.Release|Any CPU.Build.0 = Release|Any CPU
	EndGlobalSection
EndGlobal
